
Microsoft Visual Studio Solution File, Format Version 11.00
# Visual Studio 2010
Project("{FAE04EC0-301F-11D3-BF4B-00C04F79EFBC}") = "Assembly-CSharp", "Assembly-CSharp.csproj", "{fa4bcc10-fcd7-148a-18eb-2d676cc3292f}"
EndProject
Project("{FAE04EC0-301F-11D3-BF4B-00C04F79EFBC}") = "Assembly-CSharp-firstpass", "Assembly-CSharp-firstpass.csproj", "{794f83a2-ee00-b85f-31db-47b7a6dc9612}"
EndProject
Project("{FAE04EC0-301F-11D3-BF4B-00C04F79EFBC}") = "Assembly-CSharp-Editor", "Assembly-CSharp-Editor.csproj", "{972a73ff-5005-df48-7bee-2275cbd180ef}"
EndProject
Global
	GlobalSection(SolutionConfigurationPlatforms) = preSolution
		Debug|Any CPU = Debug|Any CPU
	EndGlobalSection
	GlobalSection(ProjectConfigurationPlatforms) = postSolution
		{fa4bcc10-fcd7-148a-18eb-2d676cc3292f}.Debug|Any CPU.ActiveCfg = Debug|Any CPU
		{fa4bcc10-fcd7-148a-18eb-2d676cc3292f}.Debug|Any CPU.Build.0 = Debug|Any CPU
		{794f83a2-ee00-b85f-31db-47b7a6dc9612}.Debug|Any CPU.ActiveCfg = Debug|Any CPU
		{794f83a2-ee00-b85f-31db-47b7a6dc9612}.Debug|Any CPU.Build.0 = Debug|Any CPU
		{972a73ff-5005-df48-7bee-2275cbd180ef}.Debug|Any CPU.ActiveCfg = Debug|Any CPU
		{972a73ff-5005-df48-7bee-2275cbd180ef}.Debug|Any CPU.Build.0 = Debug|Any CPU
	EndGlobalSection
	GlobalSection(SolutionProperties) = preSolution
		HideSolutionNode = FALSE
	EndGlobalSection
EndGlobal
